
Microsoft Visual Studio Solution File, Format Version 12.00
# Visual Studio Version 17
VisualStudioVersion = 17.10.35013.160
MinimumVisualStudioVersion = 10.0.40219.1
Project("{FAE04EC0-301F-11D3-BF4B-00C04F79EFBC}") = "MyFirstPorgram", "MyFirstPorgram\MyFirstPorgram.csproj", "{35859A4E-0BFE-4948-82AE-04512F642B40}"
EndProject
Global
	GlobalSection(SolutionConfigurationPlatforms) = preSolution
		Debug|Any CPU = Debug|Any CPU
		Release|Any CPU = Release|Any CPU
	EndGlobalSection
	GlobalSection(ProjectConfigurationPlatforms) = postSolution
		{35859A4E-0BFE-4948-82AE-04512F642B40}.Debug|Any CPU.ActiveCfg = Debug|Any CPU
		{35859A4E-0BFE-4948-82AE-04512F642B40}.Debug|Any CPU.Build.0 = Debug|Any CPU
		{35859A4E-0BFE-4948-82AE-04512F642B40}.Release|Any CPU.ActiveCfg = Release|Any CPU
		{35859A4E-0BFE-4948-82AE-04512F642B40}.Release|Any CPU.Build.0 = Release|Any CPU
	EndGlobalSection
	GlobalSection(SolutionProperties) = preSolution
		HideSolutionNode = FALSE
	EndGlobalSection
	GlobalSection(ExtensibilityGlobals) = postSolution
		SolutionGuid = {E52D35C4-F936-43F2-8249-954A4CD2014B}
	EndGlobalSection
EndGlobal
